# This file is autogenerated, do not edit; changes may be undone by the next 'dep ensure'.


[[projects]]
  digest = "1:6d8a3b164679872fa5a4c44559235f7fb109c7b5cd0f456a2159d579b76cc9ba"
  name = "github.com/DataDog/zstd"
  packages = ["."]
  pruneopts = "UT"
  revision = "809b919c325d7887bff7bd876162af73db53e878"
  version = "v1.4.0"

[[projects]]
  digest = "1:2ec153af6a806c3d63d4299f2549bcb29d75d9703097341be309a46db3481488"
  name = "github.com/Shopify/sarama"
  packages = ["."]
  pruneopts = "UT"
  revision = "ea9ab1c316850bee881a07bb2555ee8a685cd4b6"
  version = "v1.22.1"

[[projects]]
  digest = "1:ffe9824d294da03b391f44e1ae8281281b4afc1bdaa9588c9097785e3af10cec"
  name = "github.com/davecgh/go-spew"
  packages = ["spew"]
  pruneopts = "UT"
  revision = "8991bc29aa16c548c550c7ff78260e27b9ab7c73"
  version = "v1.1.1"

[[projects]]
  digest = "1:1f0c7ab489b407a7f8f9ad16c25a504d28ab461517a971d341388a56156c1bd7"
  name = "github.com/eapache/go-resiliency"
  packages = ["breaker"]
  pruneopts = "UT"
  revision = "b86b1ec0dd4209a588dc1285cdd471e73525c0b3"

[[projects]]
  branch = "master"
  digest = "1:79f16588b5576b1b3cd90e48d2374cc9a1a8776862d28d8fd0f23b0e15534967"
  name = "github.com/eapache/go-xerial-snappy"
  packages = ["."]
  pruneopts = "UT"
  revision = "776d5712da21bc4762676d614db1d8a64f4238b0"

[[projects]]
  digest = "1:fa7766adbe0759346f531f97d0f6c7a04e9da49ad030451e93300f7646027f59"
  name = "github.com/eapache/queue"
  packages = ["."]
  pruneopts = "UT"
  revision = "ded5959c0d4e360646dc9e9908cff48666781367"
  version = "v1.0.2"

[[projects]]
  digest = "1:abeb38ade3f32a92943e5be54f55ed6d6e3b6602761d74b4aab4c9dd45c18abd"
  name = "github.com/fsnotify/fsnotify"
  packages = ["."]
  pruneopts = "UT"
  revision = "c2828203cd70a50dcccfb2761f8b1f8ceef9a8e9"
  version = "v1.4.7"

[[projects]]
  digest = "1:4c0989ca0bcd10799064318923b9bc2db6b4d6338dd75f3f2d86c3511aaaf5cf"
  name = "github.com/golang/protobuf"
  packages = [
    "proto",
    "ptypes",
    "ptypes/any",
    "ptypes/duration",
    "ptypes/timestamp",
  ]
  pruneopts = "UT"
  revision = "aa810b61a9c79d51363740d207bb46cf8e620ed5"
  version = "v1.2.0"

[[projects]]
  digest = "1:6fc9e5610a1245e1a878dd9dfc3c6ebd3a1d449bb6d13ed3ecac098b22e2e423"
  name = "github.com/golang/snappy"
  packages = ["."]
  pruneopts = "UT"
  revision = "723cc1e459b8eea2dea4583200fd60757d40097a"

[[projects]]
  digest = "1:e76c0a53389bf29d116440dc97c44fa59796dda4a79aeca1eb8113150dd1db50"
  name = "github.com/gorilla/context"
  packages = ["."]
  pruneopts = "UT"
  revision = "1c83b3eabd45b6d76072b66b746c20815fb2872d"

[[projects]]
  digest = "1:8d6527d915a5b5146500e1d4cb5a5c35ff29a8ee08e89fcc18dfdfdeb4a3eb8a"
  name = "github.com/gorilla/handlers"
  packages = ["."]
  pruneopts = "UT"
  revision = "a5775781a543af3c6b9f5baf10995e4d14168950"

[[projects]]
  digest = "1:64898d969f38f893595d5072356bd56305dc7b2ae1d5de8000676ceab1260066"
  name = "github.com/gorilla/mux"
  packages = ["."]
  pruneopts = "UT"
  revision = "49c024275504f0341e5a9971eb7ba7fa3dc7af40"

[[projects]]
  digest = "1:6da3b1b1e5f9889c4463143ba045505cee138eb6cbf55ef7868f643cd0911fde"
  name = "github.com/hashicorp/hcl"
  packages = [
    ".",
    "hcl/ast",
    "hcl/parser",
    "hcl/printer",
    "hcl/scanner",
    "hcl/strconv",
    "hcl/token",
    "json/parser",
    "json/scanner",
    "json/token",
  ]
  pruneopts = "UT"
  revision = "197e8d3cf42199cfd53cd775deb37f3637234635"

[[projects]]
  digest = "1:61bcafe5cab02e6002cd473b15752a6ea8228a60765a5bbe3d4df6ef2f298e0b"
  name = "github.com/magiconair/properties"
  packages = ["."]
  pruneopts = "UT"
  revision = "c81f9d71af8f8cba1466501d30326b99a4e56c19"

[[projects]]
  digest = "1:922a47edb4c9b30c8d1e55ececa4fc35c791cccfac6b810c5155fc3a65751597"
  name = "github.com/mitchellh/mapstructure"
  packages = ["."]
  pruneopts = "UT"
  revision = "281073eb9eb092240d33ef253c404f1cca550309"

[[projects]]
  digest = "1:95741de3af260a92cc5c7f3f3061e85273f5a81b5db20d4bd68da74bd521675e"
  name = "github.com/pelletier/go-toml"
  packages = ["."]
  pruneopts = "UT"
  revision = "c01d1270ff3e442a8a57cddc1c92dc1138598194"
  version = "v1.2.0"

[[projects]]
  digest = "1:259f9b7645983a7a823318d78aa96dec68af8891f706493ac1ec04d819cb977c"
  name = "github.com/pierrec/lz4"
  packages = [
    ".",
    "internal/xxh32",
  ]
  pruneopts = "UT"
  revision = "d705d4371bfccdf47f10e45584e896026c83616f"
  version = "v2.2.3"

[[projects]]
  branch = "master"
  digest = "1:d38f81081a389f1466ec98192cf9115a82158854d6f01e1c23e2e7554b97db71"
  name = "github.com/rcrowley/go-metrics"
  packages = ["."]
  pruneopts = "UT"
  revision = "3113b8401b8a98917cde58f8bbd42a1b1c03b1fd"

[[projects]]
  digest = "1:e6ad89ed43afcff281b7f5298b5a5ad2006500ae8fb21eca0e4231d754da6d1c"
  name = "github.com/samuel/go-zookeeper"
  packages = ["zk"]
  pruneopts = "UT"
  revision = "e64db453f3512cade908163702045e0f31137843"

[[projects]]
  digest = "1:0a7d8bbba31a06afdaca68be733360c8413d157802844dd0b4e93ac54a04ae2b"
  name = "github.com/sirupsen/logrus"
  packages = [
    ".",
    "hooks/syslog",
  ]
  pruneopts = "UT"
  revision = "e3292c4c4d7fc915224d48222565b02f6af1900e"

[[projects]]
  digest = "1:6a4a11ba764a56d2758899ec6f3848d24698d48442ebce85ee7a3f63284526cd"
  name = "github.com/spf13/afero"
  packages = [
    ".",
    "mem",
  ]
  pruneopts = "UT"
  revision = "d40851caa0d747393da1ffb28f7f9d8b4eeffebd"
  version = "v1.1.2"

[[projects]]
  digest = "1:08d65904057412fc0270fc4812a1c90c594186819243160dc779a402d4b6d0bc"
  name = "github.com/spf13/cast"
  packages = ["."]
  pruneopts = "UT"
  revision = "8c9545af88b134710ab1cd196795e7f2388358d7"

[[projects]]
  digest = "1:79c8c086a0751b2db7cd78af4e743cc0622a5132856470c5930ff226d5a62734"
  name = "github.com/spf13/jwalterweatherman"
  packages = ["."]
  pruneopts = "UT"
  revision = "d00654080cddbd2b082acaa74007cb94a2b40866"

[[projects]]
  digest = "1:d93db5a56d7ba4a8ed261fd44244e3a8a62c4a9aa9fd4286fd0472fb99c06ebb"
  name = "github.com/spf13/pflag"
  packages = ["."]
  pruneopts = "UT"
  revision = "7f60f83a2c81bc3c3c0d5297f61ddfa68da9d3b7"

[[projects]]
  digest = "1:2532daa308722c7b65f4566e634dac2ddfaa0a398a17d8418e96ef2af3939e37"
  name = "github.com/spf13/viper"
  packages = ["."]
  pruneopts = "UT"
  revision = "ae103d7e593e371c69e832d5eb3347e2b80cbbc9"

[[projects]]
  digest = "1:f16f9c5a01bd2629dccb4fb7a3fac265f2e66e5eff05bf34012ba51e73266d70"
  name = "github.com/stretchr/testify"
  packages = [
    "assert",
    "require",
    "suite",
  ]
  pruneopts = "UT"
  revision = "a979bdb3ad236b6a9f508e352e1202779149e8b6"

[[projects]]
  digest = "1:75ede9048c5bc62cddb68bd919c5daebdfed5eeaaa57146c3553d72810f02c8a"
  name = "github.com/twinj/uuid"
  packages = ["."]
  pruneopts = "UT"
  revision = "70cac2bcd273ef6a371bb96cde363d28b68734c3"

[[projects]]
  branch = "master"
  digest = "1:87fe9bca786484cef53d52adeec7d1c52bc2bfbee75734eddeb75fc5c7023871"
  name = "github.com/xeipuuv/gojsonpointer"
  packages = ["."]
  pruneopts = "UT"
  revision = "02993c407bfbf5f6dae44c4f4b1cf6a39b5fc5bb"

[[projects]]
  branch = "master"
  digest = "1:dc6a6c28ca45d38cfce9f7cb61681ee38c5b99ec1425339bfc1e1a7ba769c807"
  name = "github.com/xeipuuv/gojsonreference"
  packages = ["."]
  pruneopts = "UT"
  revision = "bd5ef7bd5415a7ac448318e64f11a24cd21e594b"

[[projects]]
  digest = "1:a8a0ed98532819a3b0dc5cf3264a14e30aba5284b793ba2850d6f381ada5f987"
  name = "github.com/xeipuuv/gojsonschema"
  packages = ["."]
  pruneopts = "UT"
  revision = "82fcdeb203eb6ab2a67d0a623d9c19e5e5a64927"
  version = "v1.2.0"

[[projects]]
  digest = "1:3f3a05ae0b95893d90b9b3b5afdb79a9b3d96e4e36e099d841ae602e4aca0da8"
  name = "golang.org/x/crypto"
  packages = ["ssh/terminal"]
  pruneopts = "UT"
  revision = "a49355c7e3f8fe157a85be2f77e6e269a0f89602"

[[projects]]
  branch = "master"
  digest = "1:fa6c550148e5faff1ee3b01b2d73ae5b833dbe502c7631fd70dc1a0775a8d060"
  name = "golang.org/x/net"
  packages = [
    "context",
    "http/httpguts",
    "http2",
    "http2/hpack",
    "idna",
    "internal/socks",
    "internal/timeseries",
    "proxy",
    "trace",
  ]
  pruneopts = "UT"
  revision = "e147a9138326bc0e9d4e179541ffd8af41cff8a9"

[[projects]]
  digest = "1:c1fee1a2c739c7b220dc3de939f659dce271fa8d9de155cb8cfcfb99c941cbc3"
  name = "golang.org/x/sys"
  packages = [
    "unix",
    "windows",
  ]
  pruneopts = "UT"
  revision = "c4afb3effaa53fd9a06ca61262dc7ce8df4c081b"

[[projects]]
  digest = "1:a2ab62866c75542dd18d2b069fec854577a20211d7c0ea6ae746072a1dccdd18"
  name = "golang.org/x/text"
  packages = [
    "collate",
    "collate/build",
    "internal/colltab",
    "internal/gen",
    "internal/tag",
    "internal/triegen",
    "internal/ucd",
    "language",
    "secure/bidirule",
    "transform",
    "unicode/bidi",
    "unicode/cldr",
    "unicode/norm",
    "unicode/rangetable",
  ]
  pruneopts = "UT"
  revision = "f21a4dfb5e38f5895301dc265a8def02365cc3d0"
  version = "v0.3.0"

[[projects]]
  branch = "master"
  digest = "1:077c1c599507b3b3e9156d17d36e1e61928ee9b53a5b420f10f28ebd4a0b275c"
  name = "google.golang.org/genproto"
  packages = ["googleapis/rpc/status"]
  pruneopts = "UT"
  revision = "5a97ab628bfb2f65f6befec18f4bc7bc7f382b77"

[[projects]]
  digest = "1:8f56475624fb72854d06ca16c2f7032e3cea14a63074e9c199ba8d46431c1127"
  name = "google.golang.org/grpc"
  packages = [
    ".",
    "balancer",
    "balancer/base",
    "balancer/roundrobin",
    "binarylog/grpc_binarylog_v1",
    "codes",
    "connectivity",
    "credentials",
    "credentials/internal",
    "encoding",
    "encoding/proto",
    "grpclog",
    "health/grpc_health_v1",
    "internal",
    "internal/backoff",
    "internal/binarylog",
    "internal/channelz",
    "internal/envconfig",
    "internal/grpcrand",
    "internal/grpcsync",
    "internal/syscall",
    "internal/transport",
    "keepalive",
    "metadata",
    "naming",
    "peer",
    "resolver",
    "resolver/dns",
    "resolver/passthrough",
    "stats",
    "status",
    "tap",
  ]
  pruneopts = "UT"
  revision = "df014850f6dee74ba2fc94874043a9f3f75fbfd8"
  version = "v1.17.0"

[[projects]]
  digest = "1:5052389c6c809eeced44ec24ff9958bfea70b9859b7a25061c6fd9086c8f8989"
  name = "gopkg.in/mgo.v2"
  packages = [
    ".",
    "bson",
    "internal/json",
    "internal/sasl",
    "internal/scram",
  ]
  pruneopts = "UT"
  revision = "3f83fa5005286a7fe593b055f0d7771a7dce4655"

[[projects]]
  digest = "1:10978cfda94a2069ac38ed0884b606aafe89f4578ff700b7845b02201a2d6b51"
  name = "gopkg.in/yaml.v2"
  packages = ["."]
  pruneopts = "UT"
  revision = "f7716cbe52baa25d2e9b0d0da546fcf909fc16b4"

[solve-meta]
  analyzer-name = "dep"
  analyzer-version = 1
  input-imports = [
    "github.com/Shopify/sarama",
    "github.com/golang/protobuf/proto",
    "github.com/gorilla/context",
    "github.com/gorilla/handlers",
    "github.com/gorilla/mux",
    "github.com/samuel/go-zookeeper/zk",
    "github.com/sirupsen/logrus",
    "github.com/sirupsen/logrus/hooks/syslog",
    "github.com/spf13/pflag",
    "github.com/spf13/viper",
    "github.com/stretchr/testify/suite",
    "github.com/twinj/uuid",
    "github.com/xeipuuv/gojsonschema",
    "google.golang.org/grpc",
    "google.golang.org/grpc/codes",
    "google.golang.org/grpc/credentials",
    "google.golang.org/grpc/health/grpc_health_v1",
    "google.golang.org/grpc/status",
    "gopkg.in/mgo.v2",
    "gopkg.in/mgo.v2/bson",
  ]
  solver-name = "gps-cdcl"
  solver-version = 1
